
Microsoft Visual Studio Solution File, Format Version 12.00
# Visual Studio 15
VisualStudioVersion = 15.0.27428.2043
MinimumVisualStudioVersion = 10.0.40219.1
Project("{FAE04EC0-301F-11D3-BF4B-00C04F79EFBC}") = "MVCMusicStore", "MVCMusicStore\MVCMusicStore.csproj", "{7117EB1C-2605-47DC-ADCD-CE8AB728393A}"
EndProject
Project("{FAE04EC0-301F-11D3-BF4B-00C04F79EFBC}") = "MVCMusicStore.Tests", "MVCMusicStore.Tests\MVCMusicStore.Tests.csproj", "{A1741210-649D-42A0-9C25-9639D2A8354E}"
EndProject
Global
	GlobalSection(SolutionConfigurationPlatforms) = preSolution
		Debug|Any CPU = Debug|Any CPU
		Release|Any CPU = Release|Any CPU
	EndGlobalSection
	GlobalSection(ProjectConfigurationPlatforms) = postSolution
		{7117EB1C-2605-47DC-ADCD-CE8AB728393A}.Debug|Any CPU.ActiveCfg = Debug|Any CPU
		{7117EB1C-2605-47DC-ADCD-CE8AB728393A}.Debug|Any CPU.Build.0 = Debug|Any CPU
		{7117EB1C-2605-47DC-ADCD-CE8AB728393A}.Release|Any CPU.ActiveCfg = Release|Any CPU
		{7117EB1C-2605-47DC-ADCD-CE8AB728393A}.Release|Any CPU.Build.0 = Release|Any CPU
		{A1741210-649D-42A0-9C25-9639D2A8354E}.Debug|Any CPU.ActiveCfg = Debug|Any CPU
		{A1741210-649D-42A0-9C25-9639D2A8354E}.Debug|Any CPU.Build.0 = Debug|Any CPU
		{A1741210-649D-42A0-9C25-9639D2A8354E}.Release|Any CPU.ActiveCfg = Release|Any CPU
		{A1741210-649D-42A0-9C25-9639D2A8354E}.Release|Any CPU.Build.0 = Release|Any CPU
	EndGlobalSection
	GlobalSection(SolutionProperties) = preSolution
		HideSolutionNode = FALSE
	EndGlobalSection
	GlobalSection(ExtensibilityGlobals) = postSolution
		SolutionGuid = {10A7EBEA-C6A5-428E-98E3-025FCC410A25}
	EndGlobalSection
EndGlobal
